
Microsoft Visual Studio Solution File, Format Version 12.00
# Visual Studio 15
VisualStudioVersion = 15.0.28307.960
MinimumVisualStudioVersion = 10.0.40219.1
Project("{FAE04EC0-301F-11D3-BF4B-00C04F79EFBC}") = "Toshokan", "Toshokan\Toshokan.csproj", "{7CF2A616-036E-4513-ABDA-E4D3F6D44ADA}"
EndProject
Global
	GlobalSection(SolutionConfigurationPlatforms) = preSolution
		Debug|Any CPU = Debug|Any CPU
		Release|Any CPU = Release|Any CPU
	EndGlobalSection
	GlobalSection(ProjectConfigurationPlatforms) = postSolution
		{7CF2A616-036E-4513-ABDA-E4D3F6D44ADA}.Debug|Any CPU.ActiveCfg = Debug|Any CPU
		{7CF2A616-036E-4513-ABDA-E4D3F6D44ADA}.Debug|Any CPU.Build.0 = Debug|Any CPU
		{7CF2A616-036E-4513-ABDA-E4D3F6D44ADA}.Release|Any CPU.ActiveCfg = Release|Any CPU
		{7CF2A616-036E-4513-ABDA-E4D3F6D44ADA}.Release|Any CPU.Build.0 = Release|Any CPU
	EndGlobalSection
	GlobalSection(SolutionProperties) = preSolution
		HideSolutionNode = FALSE
	EndGlobalSection
	GlobalSection(ExtensibilityGlobals) = postSolution
		SolutionGuid = {29DED143-9EBD-4F1A-9BBA-4FD4BF579241}
	EndGlobalSection
EndGlobal
